// !$*UTF8*$!
{
	archiveVersion = 1;
	classes = {
	};
	objectVersion = 50;
	objects = {

/* Begin PBXBuildFile section */
		99DB5B74267D454000ED05A4 /* GameView.swift in Sources */ = {isa = PBXBuildFile; fileRef = 99DB5B73267D454000ED05A4 /* GameView.swift */; };
		99DB5B76267E1E5A00ED05A4 /* GameSubViews.swift in Sources */ = {isa = PBXBuildFile; fileRef = 99DB5B75267E1E5A00ED05A4 /* GameSubViews.swift */; };
		99DE295F2677EABC005D7055 /* MultiplicationApp.swift in Sources */ = {isa = PBXBuildFile; fileRef = 99DE295E2677EABC005D7055 /* MultiplicationApp.swift */; };
		99DE29612677EABC005D7055 /* ContentView.swift in Sources */ = {isa = PBXBuildFile; fileRef = 99DE29602677EABC005D7055 /* ContentView.swift */; };
		99DE29632677EABD005D7055 /* Assets.xcassets in Resources */ = {isa = PBXBuildFile; fileRef = 99DE29622677EABD005D7055 /* Assets.xcassets */; };
		99DE29662677EABD005D7055 /* Preview Assets.xcassets in Resources */ = {isa = PBXBuildFile; fileRef = 99DE29652677EABD005D7055 /* Preview Assets.xcassets */; };
		99DE296E267AA4EE005D7055 /* SettingsView.swift in Sources */ = {isa = PBXBuildFile; fileRef = 99DE296D267AA4EE005D7055 /* SettingsView.swift */; };
/* End PBXBuildFile section */

/* Begin PBXFileReference section */
		99DB5B73267D454000ED05A4 /* GameView.swift */ = {isa = PBXFileReference; lastKnownFileType = sourcecode.swift; path = GameView.swift; sourceTree = "<group>"; };
		99DB5B75267E1E5A00ED05A4 /* GameSubViews.swift */ = {isa = PBXFileReference; lastKnownFileType = sourcecode.swift; path = GameSubViews.swift; sourceTree = "<group>"; };
		99DE295B2677EABC005D7055 /* Multiplication.app */ = {isa = PBXFileReference; explicitFileType = wrapper.application; includeInIndex = 0; path = Multiplication.app; sourceTree = BUILT_PRODUCTS_DIR; };
		99DE295E2677EABC005D7055 /* MultiplicationApp.swift */ = {isa = PBXFileReference; lastKnownFileType = sourcecode.swift; path = MultiplicationApp.swift; sourceTree = "<group>"; };
		99DE29602677EABC005D7055 /* ContentView.swift */ = {isa = PBXFileReference; lastKnownFileType = sourcecode.swift; path = ContentView.swift; sourceTree = "<group>"; };
		99DE29622677EABD005D7055 /* Assets.xcassets */ = {isa = PBXFileReference; lastKnownFileType = folder.assetcatalog; path = Assets.xcassets; sourceTree = "<group>"; };
		99DE29652677EABD005D7055 /* Preview Assets.xcassets */ = {isa = PBXFileReference; lastKnownFileType = folder.assetcatalog; path = "Preview Assets.xcassets"; sourceTree = "<group>"; };
		99DE29672677EABD005D7055 /* Info.plist */ = {isa = PBXFileReference; lastKnownFileType = text.plist.xml; path = Info.plist; sourceTree = "<group>"; };
		99DE296D267AA4EE005D7055 /* SettingsView.swift */ = {isa = PBXFileReference; lastKnownFileType = sourcecode.swift; path = SettingsView.swift; sourceTree = "<group>"; };
/* End PBXFileReference section */

/* Begin PBXFrameworksBuildPhase section */
		99DE29582677EABC005D7055 /* Frameworks */ = {
			isa = PBXFrameworksBuildPhase;
			buildActionMask = 2147483647;
			files = (
			);
			runOnlyForDeploymentPostprocessing = 0;
		};
/* End PBXFrameworksBuildPhase section */

/* Begin PBXGroup section */
		99DE29522677EABC005D7055 = {
			isa = PBXGroup;
			children = (
				99DE295D2677EABC005D7055 /* Multiplication */,
				99DE295C2677EABC005D7055 /* Products */,
			);
			sourceTree = "<group>";
		};
		99DE295C2677EABC005D7055 /* Products */ = {
			isa = PBXGroup;
			children = (
				99DE295B2677EABC005D7055 /* Multiplication.app */,
			);
			name = Products;
			sourceTree = "<group>";
		};
		99DE295D2677EABC005D7055 /* Multiplication */ = {
			isa = PBXGroup;
			children = (
				99DE295E2677EABC005D7055 /* MultiplicationApp.swift */,
				99DE29602677EABC005D7055 /* ContentView.swift */,
				99DE29622677EABD005D7055 /* Assets.xcassets */,
				99DE29672677EABD005D7055 /* Info.plist */,
				99DE29642677EABD005D7055 /* Preview Content */,
				99DE296D267AA4EE005D7055 /* SettingsView.swift */,
				99DB5B73267D454000ED05A4 /* GameView.swift */,
				99DB5B75267E1E5A00ED05A4 /* GameSubViews.swift */,
			);
			path = Multiplication;
			sourceTree = "<group>";
		};
		99DE29642677EABD005D7055 /* Preview Content */ = {
			isa = PBXGroup;
			children = (
				99DE29652677EABD005D7055 /* Preview Assets.xcassets */,
			);
			path = "Preview Content";
			sourceTree = "<group>";
		};
/* End PBXGroup section */

/* Begin PBXNativeTarget section */
		99DE295A2677EABC005D7055 /* Multiplication */ = {
			isa = PBXNativeTarget;
			buildConfigurationList = 99DE296A2677EABD005D7055 /* Build configuration list for PBXNativeTarget "Multiplication" */;
			buildPhases = (
				99DE29572677EABC005D7055 /* Sources */,
				99DE29582677EABC005D7055 /* Frameworks */,
				99DE29592677EABC005D7055 /* Resources */,
			);
			buildRules = (
			);
			dependencies = (
			);
			name = Multiplication;
			productName = Multiplication;
			productReference = 99DE295B2677EABC005D7055 /* Multiplication.app */;
			productType = "com.apple.product-type.application";
		};
/* End PBXNativeTarget section */

/* Begin PBXProject section */
		99DE29532677EABC005D7055 /* Project object */ = {
			isa = PBXProject;
			attributes = {
				LastSwiftUpdateCheck = 1250;
				LastUpgradeCheck = 1250;
				TargetAttributes = {
					99DE295A2677EABC005D7055 = {
						CreatedOnToolsVersion = 12.5;
					};
				};
			};
			buildConfigurationList = 99DE29562677EABC005D7055 /* Build configuration list for PBXProject "Multiplication" */;
			compatibilityVersion = "Xcode 9.3";
			developmentRegion = en;
			hasScannedForEncodings = 0;
			knownRegions = (
				en,
				Base,
			);
			mainGroup = 99DE29522677EABC005D7055;
			productRefGroup = 99DE295C2677EABC005D7055 /* Products */;
			projectDirPath = "";
			projectRoot = "";
			targets = (
				99DE295A2677EABC005D7055 /* Multiplication */,
			);
		};
/* End PBXProject section */

/* Begin PBXResourcesBuildPhase section */
		99DE29592677EABC005D7055 /* Resources */ = {
			isa = PBXResourcesBuildPhase;
			buildActionMask = 2147483647;
			files = (
				99DE29662677EABD005D7055 /* Preview Assets.xcassets in Resources */,
				99DE29632677EABD005D7055 /* Assets.xcassets in Resources */,
			);
			runOnlyForDeploymentPostprocessing = 0;
		};
/* End PBXResourcesBuildPhase section */

/* Begin PBXSourcesBuildPhase section */
		99DE29572677EABC005D7055 /* Sources */ = {
			isa = PBXSourcesBuildPhase;
			buildActionMask = 2147483647;
			files = (
				99DE29612677EABC005D7055 /* ContentView.swift in Sources */,
				99DE295F2677EABC005D7055 /* MultiplicationApp.swift in Sources */,
				99DB5B74267D454000ED05A4 /* GameView.swift in Sources */,
				99DB5B76267E1E5A00ED05A4 /* GameSubViews.swift in Sources */,
				99DE296E267AA4EE005D7055 /* SettingsView.swift in Sources */,
			);
			runOnlyForDeploymentPostprocessing = 0;
		};
/* End PBXSourcesBuildPhase section */

/* Begin XCBuildConfiguration section */
		99DE29682677EABD005D7055 /* Debug */ = {
			isa = XCBuildConfiguration;
			buildSettings = {
				ALWAYS_SEARCH_USER_PATHS = NO;
				CLANG_ANALYZER_NONNULL = YES;
				CLANG_ANALYZER_NUMBER_OBJECT_CONVERSION = YES_AGGRESSIVE;
				CLANG_CXX_LANGUAGE_STANDARD = "gnu++14";
				CLANG_CXX_LIBRARY = "libc++";
				CLANG_ENABLE_MODULES = YES;
				CLANG_ENABLE_OBJC_ARC = YES;
				CLANG_ENABLE_OBJC_WEAK = YES;
				CLANG_WARN_BLOCK_CAPTURE_AUTORELEASING = YES;
				CLANG_WARN_BOOL_CONVERSION = YES;
				CLANG_WARN_COMMA = YES;
				CLANG_WARN_CONSTANT_CONVERSION = YES;
				CLANG_WARN_DEPRECATED_OBJC_IMPLEMENTATIONS = YES;
				CLANG_WARN_DIRECT_OBJC_ISA_USAGE = YES_ERROR;
				CLANG_WARN_DOCUMENTATION_COMMENTS = YES;
				CLANG_WARN_EMPTY_BODY = YES;
				CLANG_WARN_ENUM_CONVERSION = YES;
				CLANG_WARN_INFINITE_RECURSION = YES;
				CLANG_WARN_INT_CONVERSION = YES;
				CLANG_WARN_NON_LITERAL_NULL_CONVERSION = YES;
				CLANG_WARN_OBJC_IMPLICIT_RETAIN_SELF = YES;
				CLANG_WARN_OBJC_LITERAL_CONVERSION = YES;
				CLANG_WARN_OBJC_ROOT_CLASS = YES_ERROR;
				CLANG_WARN_QUOTED_INCLUDE_IN_FRAMEWORK_HEADER = YES;
				CLANG_WARN_RANGE_LOOP_ANALYSIS = YES;
				CLANG_WARN_STRICT_PROTOTYPES = YES;
				CLANG_WARN_SUSPICIOUS_MOVE = YES;
				CLANG_WARN_UNGUARDED_AVAILABILITY = YES_AGGRESSIVE;
				CLANG_WARN_UNREACHABLE_CODE = YES;
				CLANG_WARN__DUPLICATE_METHOD_MATCH = YES;
				COPY_PHASE_STRIP = NO;
				DEBUG_INFORMATION_FORMAT = dwarf;
				ENABLE_STRICT_OBJC_MSGSEND = YES;
				ENABLE_TESTABILITY = YES;
				GCC_C_LANGUAGE_STANDARD = gnu11;
				GCC_DYNAMIC_NO_PIC = NO;
				GCC_NO_COMMON_BLOCKS = YES;
				GCC_OPTIMIZATION_LEVEL = 0;
				GCC_PREPROCESSOR_DEFINITIONS = (
					"DEBUG=1",
					"$(inherited)",
				);
				GCC_WARN_64_TO_32_BIT_CONVERSION = YES;
				GCC_WARN_ABOUT_RETURN_TYPE = YES_ERROR;
				GCC_WARN_UNDECLARED_SELECTOR = YES;
				GCC_WARN_UNINITIALIZED_AUTOS = YES_AGGRESSIVE;
				GCC_WARN_UNUSED_FUNCTION = YES;
				GCC_WARN_UNUSED_VARIABLE = YES;
				IPHONEOS_DEPLOYMENT_TARGET = 14.5;
				MTL_ENABLE_DEBUG_INFO = INCLUDE_SOURCE;
				MTL_FAST_MATH = YES;
				ONLY_ACTIVE_ARCH = YES;
				SDKROOT = iphoneos;
				SWIFT_ACTIVE_COMPILATION_CONDITIONS = DEBUG;
				SWIFT_OPTIMIZATION_LEVEL = "-Onone";
			};
			name = Debug;
		};
		99DE29692677EABD005D7055 /* Release */ = {
			isa = XCBuildConfiguration;
			buildSettings = {
				ALWAYS_SEARCH_USER_PATHS = NO;
				CLANG_ANALYZER_NONNULL = YES;
				CLANG_ANALYZER_NUMBER_OBJECT_CONVERSION = YES_AGGRESSIVE;
				CLANG_CXX_LANGUAGE_STANDARD = "gnu++14";
				CLANG_CXX_LIBRARY = "libc++";
				CLANG_ENABLE_MODULES = YES;
				CLANG_ENABLE_OBJC_ARC = YES;
				CLANG_ENABLE_OBJC_WEAK = YES;
				CLANG_WARN_BLOCK_CAPTURE_AUTORELEASING = YES;
				CLANG_WARN_BOOL_CONVERSION = YES;
				CLANG_WARN_COMMA = YES;
				CLANG_WARN_CONSTANT_CONVERSION = YES;
				CLANG_WARN_DEPRECATED_OBJC_IMPLEMENTATIONS = YES;
				CLANG_WARN_DIRECT_OBJC_ISA_USAGE = YES_ERROR;
				CLANG_WARN_DOCUMENTATION_COMMENTS = YES;
				CLANG_WARN_EMPTY_BODY = YES;
				CLANG_WARN_ENUM_CONVERSION = YES;
				CLANG_WARN_INFINITE_RECURSION = YES;
				CLANG_WARN_INT_CONVERSION = YES;
				CLANG_WARN_NON_LITERAL_NULL_CONVERSION = YES;
				CLANG_WARN_OBJC_IMPLICIT_RETAIN_SELF = YES;
				CLANG_WARN_OBJC_LITERAL_CONVERSION = YES;
				CLANG_WARN_OBJC_ROOT_CLASS = YES_ERROR;
				CLANG_WARN_QUOTED_INCLUDE_IN_FRAMEWORK_HEADER = YES;
				CLANG_WARN_RANGE_LOOP_ANALYSIS = YES;
				CLANG_WARN_STRICT_PROTOTYPES = YES;
				CLANG_WARN_SUSPICIOUS_MOVE = YES;
				CLANG_WARN_UNGUARDED_AVAILABILITY = YES_AGGRESSIVE;
				CLANG_WARN_UNREACHABLE_CODE = YES;
				CLANG_WARN__DUPLICATE_METHOD_MATCH = YES;
				COPY_PHASE_STRIP = NO;
				DEBUG_INFORMATION_FORMAT = "dwarf-with-dsym";
				ENABLE_NS_ASSERTIONS = NO;
				ENABLE_STRICT_OBJC_MSGSEND = YES;
				GCC_C_LANGUAGE_STANDARD = gnu11;
				GCC_NO_COMMON_BLOCKS = YES;
				GCC_WARN_64_TO_32_BIT_CONVERSION = YES;
				GCC_WARN_ABOUT_RETURN_TYPE = YES_ERROR;
				GCC_WARN_UNDECLARED_SELECTOR = YES;
				GCC_WARN_UNINITIALIZED_AUTOS = YES_AGGRESSIVE;
				GCC_WARN_UNUSED_FUNCTION = YES;
				GCC_WARN_UNUSED_VARIABLE = YES;
				IPHONEOS_DEPLOYMENT_TARGET = 14.5;
				MTL_ENABLE_DEBUG_INFO = NO;
				MTL_FAST_MATH = YES;
				SDKROOT = iphoneos;
				SWIFT_COMPILATION_MODE = wholemodule;
				SWIFT_OPTIMIZATION_LEVEL = "-O";
				VALIDATE_PRODUCT = YES;
			};
			name = Release;
		};
		99DE296B2677EABD005D7055 /* Debug */ = {
			isa = XCBuildConfiguration;
			buildSettings = {
				ASSETCATALOG_COMPILER_APPICON_NAME = AppIcon;
				ASSETCATALOG_COMPILER_GLOBAL_ACCENT_COLOR_NAME = AccentColor;
				CODE_SIGN_STYLE = Automatic;
				DEVELOPMENT_ASSET_PATHS = "\"Multiplication/Preview Content\"";
				DEVELOPMENT_TEAM = 958TZ6NLCD;
				ENABLE_PREVIEWS = YES;
				INFOPLIST_FILE = Multiplication/Info.plist;
				IPHONEOS_DEPLOYMENT_TARGET = 14.0;
				LD_RUNPATH_SEARCH_PATHS = (
					"$(inherited)",
					"@executable_path/Frameworks",
				);
				PRODUCT_BUNDLE_IDENTIFIER = com.frias.guillermo.Multiplication;
				PRODUCT_NAME = "$(TARGET_NAME)";
				SWIFT_VERSION = 5.0;
				TARGETED_DEVICE_FAMILY = "1,2";
			};
			name = Debug;
		};
		99DE296C2677EABD005D7055 /* Release */ = {
			isa = XCBuildConfiguration;
			buildSettings = {
				ASSETCATALOG_COMPILER_APPICON_NAME = AppIcon;
				ASSETCATALOG_COMPILER_GLOBAL_ACCENT_COLOR_NAME = AccentColor;
				CODE_SIGN_STYLE = Automatic;
				DEVELOPMENT_ASSET_PATHS = "\"Multiplication/Preview Content\"";
				DEVELOPMENT_TEAM = 958TZ6NLCD;
				ENABLE_PREVIEWS = YES;
				INFOPLIST_FILE = Multiplication/Info.plist;
				IPHONEOS_DEPLOYMENT_TARGET = 14.0;
				LD_RUNPATH_SEARCH_PATHS = (
					"$(inherited)",
					"@executable_path/Frameworks",
				);
				PRODUCT_BUNDLE_IDENTIFIER = com.frias.guillermo.Multiplication;
				PRODUCT_NAME = "$(TARGET_NAME)";
				SWIFT_VERSION = 5.0;
				TARGETED_DEVICE_FAMILY = "1,2";
			};
			name = Release;
		};
/* End XCBuildConfiguration section */

/* Begin XCConfigurationList section */
		99DE29562677EABC005D7055 /* Build configuration list for PBXProject "Multiplication" */ = {
			isa = XCConfigurationList;
			buildConfigurations = (
				99DE29682677EABD005D7055 /* Debug */,
				99DE29692677EABD005D7055 /* Release */,
			);
			defaultConfigurationIsVisible = 0;
			defaultConfigurationName = Release;
		};
		99DE296A2677EABD005D7055 /* Build configuration list for PBXNativeTarget "Multiplication" */ = {
			isa = XCConfigurationList;
			buildConfigurations = (
				99DE296B2677EABD005D7055 /* Debug */,
				99DE296C2677EABD005D7055 /* Release */,
			);
			defaultConfigurationIsVisible = 0;
			defaultConfigurationName = Release;
		};
/* End XCConfigurationList section */
	};
	rootObject = 99DE29532677EABC005D7055 /* Project object */;
}
